
Microsoft Visual Studio Solution File, Format Version 12.00
# Visual Studio Version 16
VisualStudioVersion = 16.0.30711.63
MinimumVisualStudioVersion = 10.0.40219.1
Project("{FAE04EC0-301F-11D3-BF4B-00C04F79EFBC}") = "DeveloperTeamsApp_Console", "DeveloperTeamsApp_Console\DeveloperTeamsApp_Console.csproj", "{BC086443-CB10-4E30-8FCC-F44782227F77}"
EndProject
Project("{FAE04EC0-301F-11D3-BF4B-00C04F79EFBC}") = "DevTeam", "DevTeam\DevTeam.csproj", "{2BC791C5-22F0-4585-88C0-E361886F96B1}"
EndProject
Project("{FAE04EC0-301F-11D3-BF4B-00C04F79EFBC}") = "Developer", "Developer\Developer.csproj", "{2437D954-A23C-45E9-BEE3-69F203A74DD3}"
EndProject
Global
	GlobalSection(SolutionConfigurationPlatforms) = preSolution
		Debug|Any CPU = Debug|Any CPU
		Release|Any CPU = Release|Any CPU
	EndGlobalSection
	GlobalSection(ProjectConfigurationPlatforms) = postSolution
		{BC086443-CB10-4E30-8FCC-F44782227F77}.Debug|Any CPU.ActiveCfg = Debug|Any CPU
		{BC086443-CB10-4E30-8FCC-F44782227F77}.Debug|Any CPU.Build.0 = Debug|Any CPU
		{BC086443-CB10-4E30-8FCC-F44782227F77}.Release|Any CPU.ActiveCfg = Release|Any CPU
		{BC086443-CB10-4E30-8FCC-F44782227F77}.Release|Any CPU.Build.0 = Release|Any CPU
		{2BC791C5-22F0-4585-88C0-E361886F96B1}.Debug|Any CPU.ActiveCfg = Debug|Any CPU
		{2BC791C5-22F0-4585-88C0-E361886F96B1}.Debug|Any CPU.Build.0 = Debug|Any CPU
		{2BC791C5-22F0-4585-88C0-E361886F96B1}.Release|Any CPU.ActiveCfg = Release|Any CPU
		{2BC791C5-22F0-4585-88C0-E361886F96B1}.Release|Any CPU.Build.0 = Release|Any CPU
		{2437D954-A23C-45E9-BEE3-69F203A74DD3}.Debug|Any CPU.ActiveCfg = Debug|Any CPU
		{2437D954-A23C-45E9-BEE3-69F203A74DD3}.Debug|Any CPU.Build.0 = Debug|Any CPU
		{2437D954-A23C-45E9-BEE3-69F203A74DD3}.Release|Any CPU.ActiveCfg = Release|Any CPU
		{2437D954-A23C-45E9-BEE3-69F203A74DD3}.Release|Any CPU.Build.0 = Release|Any CPU
	EndGlobalSection
	GlobalSection(SolutionProperties) = preSolution
		HideSolutionNode = FALSE
	EndGlobalSection
	GlobalSection(ExtensibilityGlobals) = postSolution
		SolutionGuid = {B24A4A29-BC53-4C4F-8841-7A539FD066AD}
	EndGlobalSection
EndGlobal
